
Microsoft Visual Studio Solution File, Format Version 12.00
# Visual Studio Version 17
VisualStudioVersion = 17.2.32519.379
MinimumVisualStudioVersion = 10.0.40219.1
Project("{2150E333-8FDC-42A3-9474-1A3956D46DE8}") = "test", "test", "{0A4F85AF-2ADB-42EA-8A29-DDFABBE0FCCC}"
	ProjectSection(SolutionItems) = preProject
		test\Directory.Build.props = test\Directory.Build.props
	EndProjectSection
EndProject
Project("{2150E333-8FDC-42A3-9474-1A3956D46DE8}") = "build", "build", "{41D4FE14-0B62-4A04-862B-D4482AAFCD18}"
	ProjectSection(SolutionItems) = preProject
		.editorconfig = .editorconfig
		.github\workflows\build.yml = .github\workflows\build.yml
		build\incre_ver.ps1 = build\incre_ver.ps1
		build\pack.ps1 = build\pack.ps1
		build\pkg.version = build\pkg.version
		README.md = README.md
	EndProjectSection
EndProject
Project("{2150E333-8FDC-42A3-9474-1A3956D46DE8}") = "src", "src", "{CFB3FFC9-C653-4830-A696-CE150BECC295}"
	ProjectSection(SolutionItems) = preProject
		src\Directory.Build.props = src\Directory.Build.props
	EndProjectSection
EndProject
Project("{9A19103F-16F7-4668-BE54-9A1E7A4F7556}") = "FodyHelpers.Utils", "src\FodyHelpers.Utils\FodyHelpers.Utils.csproj", "{F79CB55D-EB54-4DEF-BAD2-E359BE7058E1}"
EndProject
Project("{9A19103F-16F7-4668-BE54-9A1E7A4F7556}") = "FodyHelpers.Tests", "test\FodyHelpers.Utils.Tests\FodyHelpers.Tests.csproj", "{FEDBDB08-2C83-4466-8C7A-B93FCAAAD917}"
EndProject
Global
	GlobalSection(SolutionConfigurationPlatforms) = preSolution
		Debug|Any CPU = Debug|Any CPU
		Release|Any CPU = Release|Any CPU
	EndGlobalSection
	GlobalSection(ProjectConfigurationPlatforms) = postSolution
		{F79CB55D-EB54-4DEF-BAD2-E359BE7058E1}.Debug|Any CPU.ActiveCfg = Debug|Any CPU
		{F79CB55D-EB54-4DEF-BAD2-E359BE7058E1}.Debug|Any CPU.Build.0 = Debug|Any CPU
		{F79CB55D-EB54-4DEF-BAD2-E359BE7058E1}.Release|Any CPU.ActiveCfg = Release|Any CPU
		{F79CB55D-EB54-4DEF-BAD2-E359BE7058E1}.Release|Any CPU.Build.0 = Release|Any CPU
		{FEDBDB08-2C83-4466-8C7A-B93FCAAAD917}.Debug|Any CPU.ActiveCfg = Debug|Any CPU
		{FEDBDB08-2C83-4466-8C7A-B93FCAAAD917}.Debug|Any CPU.Build.0 = Debug|Any CPU
		{FEDBDB08-2C83-4466-8C7A-B93FCAAAD917}.Release|Any CPU.ActiveCfg = Release|Any CPU
		{FEDBDB08-2C83-4466-8C7A-B93FCAAAD917}.Release|Any CPU.Build.0 = Release|Any CPU
	EndGlobalSection
	GlobalSection(SolutionProperties) = preSolution
		HideSolutionNode = FALSE
	EndGlobalSection
	GlobalSection(NestedProjects) = preSolution
		{F79CB55D-EB54-4DEF-BAD2-E359BE7058E1} = {CFB3FFC9-C653-4830-A696-CE150BECC295}
		{FEDBDB08-2C83-4466-8C7A-B93FCAAAD917} = {0A4F85AF-2ADB-42EA-8A29-DDFABBE0FCCC}
	EndGlobalSection
	GlobalSection(ExtensibilityGlobals) = postSolution
		SolutionGuid = {A8580ABB-FF0F-45AA-B6DA-78D1AE90E5C6}
	EndGlobalSection
EndGlobal
